
Microsoft Visual Studio Solution File, Format Version 12.00
# Visual Studio 15
VisualStudioVersion = 15.0.27703.2000
MinimumVisualStudioVersion = 10.0.40219.1
Project("{9A19103F-16F7-4668-BE54-9A1E7A4F7556}") = "WebApplication1", "WebApplication1\WebApplication1.csproj", "{5503E070-2CE6-469D-8F41-A0A424BE90B9}"
EndProject
Project("{00D1A9C2-B5F0-4AF3-8072-F6C62B433612}") = "MessageDatabase", "MessageDatabase\MessageDatabase.sqlproj", "{19BE4585-FDD9-405B-B3C6-67036666BE4F}"
EndProject
Global
	GlobalSection(SolutionConfigurationPlatforms) = preSolution
		Debug|Any CPU = Debug|Any CPU
		Release|Any CPU = Release|Any CPU
	EndGlobalSection
	GlobalSection(ProjectConfigurationPlatforms) = postSolution
		{5503E070-2CE6-469D-8F41-A0A424BE90B9}.Debug|Any CPU.ActiveCfg = Debug|Any CPU
		{5503E070-2CE6-469D-8F41-A0A424BE90B9}.Debug|Any CPU.Build.0 = Debug|Any CPU
		{5503E070-2CE6-469D-8F41-A0A424BE90B9}.Release|Any CPU.ActiveCfg = Release|Any CPU
		{5503E070-2CE6-469D-8F41-A0A424BE90B9}.Release|Any CPU.Build.0 = Release|Any CPU
		{19BE4585-FDD9-405B-B3C6-67036666BE4F}.Debug|Any CPU.ActiveCfg = Debug|Any CPU
		{19BE4585-FDD9-405B-B3C6-67036666BE4F}.Debug|Any CPU.Build.0 = Debug|Any CPU
		{19BE4585-FDD9-405B-B3C6-67036666BE4F}.Debug|Any CPU.Deploy.0 = Debug|Any CPU
		{19BE4585-FDD9-405B-B3C6-67036666BE4F}.Release|Any CPU.ActiveCfg = Release|Any CPU
		{19BE4585-FDD9-405B-B3C6-67036666BE4F}.Release|Any CPU.Build.0 = Release|Any CPU
		{19BE4585-FDD9-405B-B3C6-67036666BE4F}.Release|Any CPU.Deploy.0 = Release|Any CPU
	EndGlobalSection
	GlobalSection(SolutionProperties) = preSolution
		HideSolutionNode = FALSE
	EndGlobalSection
	GlobalSection(ExtensibilityGlobals) = postSolution
		SolutionGuid = {3681C6CB-DDA6-431E-BC13-FCD3A34D28EA}
	EndGlobalSection
EndGlobal
